
Microsoft Visual Studio Solution File, Format Version 12.00
# Visual Studio 15
VisualStudioVersion = 15.0.27703.2035
MinimumVisualStudioVersion = 10.0.40219.1
Project("{FAE04EC0-301F-11D3-BF4B-00C04F79EFBC}") = "UdiskSpeed_ASSD", "UdiskSpeed_ASSD\UdiskSpeed_ASSD.csproj", "{2401F4C0-ECEF-4C0C-87E7-A99D780CC0FD}"
EndProject
Global
	GlobalSection(SolutionConfigurationPlatforms) = preSolution
		Debug|Any CPU = Debug|Any CPU
		Release|Any CPU = Release|Any CPU
	EndGlobalSection
	GlobalSection(ProjectConfigurationPlatforms) = postSolution
		{2401F4C0-ECEF-4C0C-87E7-A99D780CC0FD}.Debug|Any CPU.ActiveCfg = Debug|Any CPU
		{2401F4C0-ECEF-4C0C-87E7-A99D780CC0FD}.Debug|Any CPU.Build.0 = Debug|Any CPU
		{2401F4C0-ECEF-4C0C-87E7-A99D780CC0FD}.Release|Any CPU.ActiveCfg = Release|Any CPU
		{2401F4C0-ECEF-4C0C-87E7-A99D780CC0FD}.Release|Any CPU.Build.0 = Release|Any CPU
	EndGlobalSection
	GlobalSection(SolutionProperties) = preSolution
		HideSolutionNode = FALSE
	EndGlobalSection
	GlobalSection(ExtensibilityGlobals) = postSolution
		SolutionGuid = {AD05D124-6472-4964-9080-BB7171906430}
	EndGlobalSection
EndGlobal
